
Microsoft Visual Studio Solution File, Format Version 12.00
# Visual Studio Version 17
VisualStudioVersion = 17.10.34928.147
MinimumVisualStudioVersion = 10.0.40219.1
Project("{FAE04EC0-301F-11D3-BF4B-00C04F79EFBC}") = "ScavengerHuntBackend", "ScavengerHuntBackend.csproj", "{D47D4AB7-4E8B-439A-B9B3-B6732C0E3645}"
EndProject
Global
	GlobalSection(SolutionConfigurationPlatforms) = preSolution
		Debug|Any CPU = Debug|Any CPU
		Release|Any CPU = Release|Any CPU
	EndGlobalSection
	GlobalSection(ProjectConfigurationPlatforms) = postSolution
		{D47D4AB7-4E8B-439A-B9B3-B6732C0E3645}.Debug|Any CPU.ActiveCfg = Debug|Any CPU
		{D47D4AB7-4E8B-439A-B9B3-B6732C0E3645}.Debug|Any CPU.Build.0 = Debug|Any CPU
		{D47D4AB7-4E8B-439A-B9B3-B6732C0E3645}.Release|Any CPU.ActiveCfg = Release|Any CPU
		{D47D4AB7-4E8B-439A-B9B3-B6732C0E3645}.Release|Any CPU.Build.0 = Release|Any CPU
	EndGlobalSection
	GlobalSection(SolutionProperties) = preSolution
		HideSolutionNode = FALSE
	EndGlobalSection
	GlobalSection(ExtensibilityGlobals) = postSolution
		SolutionGuid = {3FE7D860-0711-4F32-A593-6C85A5F5EC34}
	EndGlobalSection
EndGlobal
